
Microsoft Visual Studio Solution File, Format Version 12.00
# Visual Studio Version 16
VisualStudioVersion = 16.0.31321.278
MinimumVisualStudioVersion = 10.0.40219.1
Project("{9A19103F-16F7-4668-BE54-9A1E7A4F7556}") = "Task1", "ItogovProjectM9\Task1.csproj", "{331D2AC3-B228-4003-AE1B-30DD381383CD}"
EndProject
Project("{FAE04EC0-301F-11D3-BF4B-00C04F79EFBC}") = "Task2", "Task2\Task2.csproj", "{C635CBAB-81A9-409B-B52C-A368AE120B93}"
EndProject
Global
	GlobalSection(SolutionConfigurationPlatforms) = preSolution
		Debug|Any CPU = Debug|Any CPU
		Release|Any CPU = Release|Any CPU
	EndGlobalSection
	GlobalSection(ProjectConfigurationPlatforms) = postSolution
		{331D2AC3-B228-4003-AE1B-30DD381383CD}.Debug|Any CPU.ActiveCfg = Debug|Any CPU
		{331D2AC3-B228-4003-AE1B-30DD381383CD}.Debug|Any CPU.Build.0 = Debug|Any CPU
		{331D2AC3-B228-4003-AE1B-30DD381383CD}.Release|Any CPU.ActiveCfg = Release|Any CPU
		{331D2AC3-B228-4003-AE1B-30DD381383CD}.Release|Any CPU.Build.0 = Release|Any CPU
		{C635CBAB-81A9-409B-B52C-A368AE120B93}.Debug|Any CPU.ActiveCfg = Debug|Any CPU
		{C635CBAB-81A9-409B-B52C-A368AE120B93}.Debug|Any CPU.Build.0 = Debug|Any CPU
		{C635CBAB-81A9-409B-B52C-A368AE120B93}.Release|Any CPU.ActiveCfg = Release|Any CPU
		{C635CBAB-81A9-409B-B52C-A368AE120B93}.Release|Any CPU.Build.0 = Release|Any CPU
	EndGlobalSection
	GlobalSection(SolutionProperties) = preSolution
		HideSolutionNode = FALSE
	EndGlobalSection
	GlobalSection(ExtensibilityGlobals) = postSolution
		SolutionGuid = {E0BDB238-1690-4C1C-AEE7-E2781CEA4382}
	EndGlobalSection
EndGlobal
